
Microsoft Visual Studio Solution File, Format Version 12.00
# Visual Studio 15
VisualStudioVersion = 15.0.26430.6
MinimumVisualStudioVersion = 10.0.40219.1
Project("{FAE04EC0-301F-11D3-BF4B-00C04F79EFBC}") = "RestauranteApp.Android", "RestauranteApp\RestauranteApp.Android\RestauranteApp.Android.csproj", "{65D64CB9-8554-470C-8981-E89A12BC2A06}"
EndProject
Project("{FAE04EC0-301F-11D3-BF4B-00C04F79EFBC}") = "RestauranteApp", "RestauranteApp\RestauranteApp\RestauranteApp.csproj", "{D3FB52AD-33E5-4C2B-812C-3FFBD03E2277}"
EndProject
Project("{FAE04EC0-301F-11D3-BF4B-00C04F79EFBC}") = "RestauranteApp.UWP", "RestauranteApp\RestauranteApp.UWP\RestauranteApp.UWP.csproj", "{B998727A-1826-4A93-B748-FFED6F8470A7}"
EndProject
Project("{FAE04EC0-301F-11D3-BF4B-00C04F79EFBC}") = "RestauranteApp.iOS", "RestauranteApp\RestauranteApp.iOS\RestauranteApp.iOS.csproj", "{1A10E2B9-F48A-4505-BC68-CC891EBBB357}"
EndProject
Global
	GlobalSection(SolutionConfigurationPlatforms) = preSolution
		Ad-Hoc|Any CPU = Ad-Hoc|Any CPU
		Ad-Hoc|ARM = Ad-Hoc|ARM
		Ad-Hoc|iPhone = Ad-Hoc|iPhone
		Ad-Hoc|iPhoneSimulator = Ad-Hoc|iPhoneSimulator
		Ad-Hoc|x64 = Ad-Hoc|x64
		Ad-Hoc|x86 = Ad-Hoc|x86
		AppStore|Any CPU = AppStore|Any CPU
		AppStore|ARM = AppStore|ARM
		AppStore|iPhone = AppStore|iPhone
		AppStore|iPhoneSimulator = AppStore|iPhoneSimulator
		AppStore|x64 = AppStore|x64
		AppStore|x86 = AppStore|x86
		Debug|Any CPU = Debug|Any CPU
		Debug|ARM = Debug|ARM
		Debug|iPhone = Debug|iPhone
		Debug|iPhoneSimulator = Debug|iPhoneSimulator
		Debug|x64 = Debug|x64
		Debug|x86 = Debug|x86
		Release|Any CPU = Release|Any CPU
		Release|ARM = Release|ARM
		Release|iPhone = Release|iPhone
		Release|iPhoneSimulator = Release|iPhoneSimulator
		Release|x64 = Release|x64
		Release|x86 = Release|x86
	EndGlobalSection
	GlobalSection(ProjectConfigurationPlatforms) = postSolution
		{65D64CB9-8554-470C-8981-E89A12BC2A06}.Ad-Hoc|Any CPU.ActiveCfg = Release|Any CPU
		{65D64CB9-8554-470C-8981-E89A12BC2A06}.Ad-Hoc|Any CPU.Build.0 = Release|Any CPU
		{65D64CB9-8554-470C-8981-E89A12BC2A06}.Ad-Hoc|Any CPU.Deploy.0 = Release|Any CPU
		{65D64CB9-8554-470C-8981-E89A12BC2A06}.Ad-Hoc|ARM.ActiveCfg = Release|Any CPU
		{65D64CB9-8554-470C-8981-E89A12BC2A06}.Ad-Hoc|ARM.Build.0 = Release|Any CPU
		{65D64CB9-8554-470C-8981-E89A12BC2A06}.Ad-Hoc|ARM.Deploy.0 = Release|Any CPU
		{65D64CB9-8554-470C-8981-E89A12BC2A06}.Ad-Hoc|iPhone.ActiveCfg = Release|Any CPU
		{65D64CB9-8554-470C-8981-E89A12BC2A06}.Ad-Hoc|iPhone.Build.0 = Release|Any CPU
		{65D64CB9-8554-470C-8981-E89A12BC2A06}.Ad-Hoc|iPhone.Deploy.0 = Release|Any CPU
		{65D64CB9-8554-470C-8981-E89A12BC2A06}.Ad-Hoc|iPhoneSimulator.ActiveCfg = Release|Any CPU
		{65D64CB9-8554-470C-8981-E89A12BC2A06}.Ad-Hoc|iPhoneSimulator.Build.0 = Release|Any CPU
		{65D64CB9-8554-470C-8981-E89A12BC2A06}.Ad-Hoc|iPhoneSimulator.Deploy.0 = Release|Any CPU
		{65D64CB9-8554-470C-8981-E89A12BC2A06}.Ad-Hoc|x64.ActiveCfg = Release|Any CPU
		{65D64CB9-8554-470C-8981-E89A12BC2A06}.Ad-Hoc|x64.Build.0 = Release|Any CPU
		{65D64CB9-8554-470C-8981-E89A12BC2A06}.Ad-Hoc|x64.Deploy.0 = Release|Any CPU
		{65D64CB9-8554-470C-8981-E89A12BC2A06}.Ad-Hoc|x86.ActiveCfg = Release|Any CPU
		{65D64CB9-8554-470C-8981-E89A12BC2A06}.Ad-Hoc|x86.Build.0 = Release|Any CPU
		{65D64CB9-8554-470C-8981-E89A12BC2A06}.Ad-Hoc|x86.Deploy.0 = Release|Any CPU
		{65D64CB9-8554-470C-8981-E89A12BC2A06}.AppStore|Any CPU.ActiveCfg = Release|Any CPU
		{65D64CB9-8554-470C-8981-E89A12BC2A06}.AppStore|Any CPU.Build.0 = Release|Any CPU
		{65D64CB9-8554-470C-8981-E89A12BC2A06}.AppStore|Any CPU.Deploy.0 = Release|Any CPU
		{65D64CB9-8554-470C-8981-E89A12BC2A06}.AppStore|ARM.ActiveCfg = Release|Any CPU
		{65D64CB9-8554-470C-8981-E89A12BC2A06}.AppStore|ARM.Build.0 = Release|Any CPU
		{65D64CB9-8554-470C-8981-E89A12BC2A06}.AppStore|ARM.Deploy.0 = Release|Any CPU
		{65D64CB9-8554-470C-8981-E89A12BC2A06}.AppStore|iPhone.ActiveCfg = Release|Any CPU
		{65D64CB9-8554-470C-8981-E89A12BC2A06}.AppStore|iPhone.Build.0 = Release|Any CPU
		{65D64CB9-8554-470C-8981-E89A12BC2A06}.AppStore|iPhone.Deploy.0 = Release|Any CPU
		{65D64CB9-8554-470C-8981-E89A12BC2A06}.AppStore|iPhoneSimulator.ActiveCfg = Release|Any CPU
		{65D64CB9-8554-470C-8981-E89A12BC2A06}.AppStore|iPhoneSimulator.Build.0 = Release|Any CPU
		{65D64CB9-8554-470C-8981-E89A12BC2A06}.AppStore|iPhoneSimulator.Deploy.0 = Release|Any CPU
		{65D64CB9-8554-470C-8981-E89A12BC2A06}.AppStore|x64.ActiveCfg = Release|Any CPU
		{65D64CB9-8554-470C-8981-E89A12BC2A06}.AppStore|x64.Build.0 = Release|Any CPU
		{65D64CB9-8554-470C-8981-E89A12BC2A06}.AppStore|x64.Deploy.0 = Release|Any CPU
		{65D64CB9-8554-470C-8981-E89A12BC2A06}.AppStore|x86.ActiveCfg = Release|Any CPU
		{65D64CB9-8554-470C-8981-E89A12BC2A06}.AppStore|x86.Build.0 = Release|Any CPU
		{65D64CB9-8554-470C-8981-E89A12BC2A06}.AppStore|x86.Deploy.0 = Release|Any CPU
		{65D64CB9-8554-470C-8981-E89A12BC2A06}.Debug|Any CPU.ActiveCfg = Debug|Any CPU
		{65D64CB9-8554-470C-8981-E89A12BC2A06}.Debug|Any CPU.Build.0 = Debug|Any CPU
		{65D64CB9-8554-470C-8981-E89A12BC2A06}.Debug|Any CPU.Deploy.0 = Debug|Any CPU
		{65D64CB9-8554-470C-8981-E89A12BC2A06}.Debug|ARM.ActiveCfg = Debug|Any CPU
		{65D64CB9-8554-470C-8981-E89A12BC2A06}.Debug|ARM.Build.0 = Debug|Any CPU
		{65D64CB9-8554-470C-8981-E89A12BC2A06}.Debug|ARM.Deploy.0 = Debug|Any CPU
		{65D64CB9-8554-470C-8981-E89A12BC2A06}.Debug|iPhone.ActiveCfg = Debug|Any CPU
		{65D64CB9-8554-470C-8981-E89A12BC2A06}.Debug|iPhone.Build.0 = Debug|Any CPU
		{65D64CB9-8554-470C-8981-E89A12BC2A06}.Debug|iPhone.Deploy.0 = Debug|Any CPU
		{65D64CB9-8554-470C-8981-E89A12BC2A06}.Debug|iPhoneSimulator.ActiveCfg = Debug|Any CPU
		{65D64CB9-8554-470C-8981-E89A12BC2A06}.Debug|iPhoneSimulator.Build.0 = Debug|Any CPU
		{65D64CB9-8554-470C-8981-E89A12BC2A06}.Debug|iPhoneSimulator.Deploy.0 = Debug|Any CPU
		{65D64CB9-8554-470C-8981-E89A12BC2A06}.Debug|x64.ActiveCfg = Debug|Any CPU
		{65D64CB9-8554-470C-8981-E89A12BC2A06}.Debug|x64.Build.0 = Debug|Any CPU
		{65D64CB9-8554-470C-8981-E89A12BC2A06}.Debug|x64.Deploy.0 = Debug|Any CPU
		{65D64CB9-8554-470C-8981-E89A12BC2A06}.Debug|x86.ActiveCfg = Debug|Any CPU
		{65D64CB9-8554-470C-8981-E89A12BC2A06}.Debug|x86.Build.0 = Debug|Any CPU
		{65D64CB9-8554-470C-8981-E89A12BC2A06}.Debug|x86.Deploy.0 = Debug|Any CPU
		{65D64CB9-8554-470C-8981-E89A12BC2A06}.Release|Any CPU.ActiveCfg = Release|Any CPU
		{65D64CB9-8554-470C-8981-E89A12BC2A06}.Release|Any CPU.Build.0 = Release|Any CPU
		{65D64CB9-8554-470C-8981-E89A12BC2A06}.Release|Any CPU.Deploy.0 = Release|Any CPU
		{65D64CB9-8554-470C-8981-E89A12BC2A06}.Release|ARM.ActiveCfg = Release|Any CPU
		{65D64CB9-8554-470C-8981-E89A12BC2A06}.Release|ARM.Build.0 = Release|Any CPU
		{65D64CB9-8554-470C-8981-E89A12BC2A06}.Release|ARM.Deploy.0 = Release|Any CPU
		{65D64CB9-8554-470C-8981-E89A12BC2A06}.Release|iPhone.ActiveCfg = Release|Any CPU
		{65D64CB9-8554-470C-8981-E89A12BC2A06}.Release|iPhone.Build.0 = Release|Any CPU
		{65D64CB9-8554-470C-8981-E89A12BC2A06}.Release|iPhone.Deploy.0 = Release|Any CPU
		{65D64CB9-8554-470C-8981-E89A12BC2A06}.Release|iPhoneSimulator.ActiveCfg = Release|Any CPU
		{65D64CB9-8554-470C-8981-E89A12BC2A06}.Release|iPhoneSimulator.Build.0 = Release|Any CPU
		{65D64CB9-8554-470C-8981-E89A12BC2A06}.Release|iPhoneSimulator.Deploy.0 = Release|Any CPU
		{65D64CB9-8554-470C-8981-E89A12BC2A06}.Release|x64.ActiveCfg = Release|Any CPU
		{65D64CB9-8554-470C-8981-E89A12BC2A06}.Release|x64.Build.0 = Release|Any CPU
		{65D64CB9-8554-470C-8981-E89A12BC2A06}.Release|x64.Deploy.0 = Release|Any CPU
		{65D64CB9-8554-470C-8981-E89A12BC2A06}.Release|x86.ActiveCfg = Release|Any CPU
		{65D64CB9-8554-470C-8981-E89A12BC2A06}.Release|x86.Build.0 = Release|Any CPU
		{65D64CB9-8554-470C-8981-E89A12BC2A06}.Release|x86.Deploy.0 = Release|Any CPU
		{D3FB52AD-33E5-4C2B-812C-3FFBD03E2277}.Ad-Hoc|Any CPU.ActiveCfg = Release|Any CPU
		{D3FB52AD-33E5-4C2B-812C-3FFBD03E2277}.Ad-Hoc|Any CPU.Build.0 = Release|Any CPU
		{D3FB52AD-33E5-4C2B-812C-3FFBD03E2277}.Ad-Hoc|ARM.ActiveCfg = Release|Any CPU
		{D3FB52AD-33E5-4C2B-812C-3FFBD03E2277}.Ad-Hoc|ARM.Build.0 = Release|Any CPU
		{D3FB52AD-33E5-4C2B-812C-3FFBD03E2277}.Ad-Hoc|iPhone.ActiveCfg = Release|Any CPU
		{D3FB52AD-33E5-4C2B-812C-3FFBD03E2277}.Ad-Hoc|iPhone.Build.0 = Release|Any CPU
		{D3FB52AD-33E5-4C2B-812C-3FFBD03E2277}.Ad-Hoc|iPhoneSimulator.ActiveCfg = Release|Any CPU
		{D3FB52AD-33E5-4C2B-812C-3FFBD03E2277}.Ad-Hoc|iPhoneSimulator.Build.0 = Release|Any CPU
		{D3FB52AD-33E5-4C2B-812C-3FFBD03E2277}.Ad-Hoc|x64.ActiveCfg = Release|Any CPU
		{D3FB52AD-33E5-4C2B-812C-3FFBD03E2277}.Ad-Hoc|x64.Build.0 = Release|Any CPU
		{D3FB52AD-33E5-4C2B-812C-3FFBD03E2277}.Ad-Hoc|x86.ActiveCfg = Release|Any CPU
		{D3FB52AD-33E5-4C2B-812C-3FFBD03E2277}.Ad-Hoc|x86.Build.0 = Release|Any CPU
		{D3FB52AD-33E5-4C2B-812C-3FFBD03E2277}.AppStore|Any CPU.ActiveCfg = Release|Any CPU
		{D3FB52AD-33E5-4C2B-812C-3FFBD03E2277}.AppStore|Any CPU.Build.0 = Release|Any CPU
		{D3FB52AD-33E5-4C2B-812C-3FFBD03E2277}.AppStore|ARM.ActiveCfg = Release|Any CPU
		{D3FB52AD-33E5-4C2B-812C-3FFBD03E2277}.AppStore|ARM.Build.0 = Release|Any CPU
		{D3FB52AD-33E5-4C2B-812C-3FFBD03E2277}.AppStore|iPhone.ActiveCfg = Release|Any CPU
		{D3FB52AD-33E5-4C2B-812C-3FFBD03E2277}.AppStore|iPhone.Build.0 = Release|Any CPU
		{D3FB52AD-33E5-4C2B-812C-3FFBD03E2277}.AppStore|iPhoneSimulator.ActiveCfg = Release|Any CPU
		{D3FB52AD-33E5-4C2B-812C-3FFBD03E2277}.AppStore|iPhoneSimulator.Build.0 = Release|Any CPU
		{D3FB52AD-33E5-4C2B-812C-3FFBD03E2277}.AppStore|x64.ActiveCfg = Release|Any CPU
		{D3FB52AD-33E5-4C2B-812C-3FFBD03E2277}.AppStore|x64.Build.0 = Release|Any CPU
		{D3FB52AD-33E5-4C2B-812C-3FFBD03E2277}.AppStore|x86.ActiveCfg = Release|Any CPU
		{D3FB52AD-33E5-4C2B-812C-3FFBD03E2277}.AppStore|x86.Build.0 = Release|Any CPU
		{D3FB52AD-33E5-4C2B-812C-3FFBD03E2277}.Debug|Any CPU.ActiveCfg = Debug|Any CPU
		{D3FB52AD-33E5-4C2B-812C-3FFBD03E2277}.Debug|Any CPU.Build.0 = Debug|Any CPU
		{D3FB52AD-33E5-4C2B-812C-3FFBD03E2277}.Debug|ARM.ActiveCfg = Debug|Any CPU
		{D3FB52AD-33E5-4C2B-812C-3FFBD03E2277}.Debug|ARM.Build.0 = Debug|Any CPU
		{D3FB52AD-33E5-4C2B-812C-3FFBD03E2277}.Debug|iPhone.ActiveCfg = Debug|Any CPU
		{D3FB52AD-33E5-4C2B-812C-3FFBD03E2277}.Debug|iPhone.Build.0 = Debug|Any CPU
		{D3FB52AD-33E5-4C2B-812C-3FFBD03E2277}.Debug|iPhoneSimulator.ActiveCfg = Debug|Any CPU
		{D3FB52AD-33E5-4C2B-812C-3FFBD03E2277}.Debug|iPhoneSimulator.Build.0 = Debug|Any CPU
		{D3FB52AD-33E5-4C2B-812C-3FFBD03E2277}.Debug|x64.ActiveCfg = Debug|Any CPU
		{D3FB52AD-33E5-4C2B-812C-3FFBD03E2277}.Debug|x64.Build.0 = Debug|Any CPU
		{D3FB52AD-33E5-4C2B-812C-3FFBD03E2277}.Debug|x86.ActiveCfg = Debug|Any CPU
		{D3FB52AD-33E5-4C2B-812C-3FFBD03E2277}.Debug|x86.Build.0 = Debug|Any CPU
		{D3FB52AD-33E5-4C2B-812C-3FFBD03E2277}.Release|Any CPU.ActiveCfg = Release|Any CPU
		{D3FB52AD-33E5-4C2B-812C-3FFBD03E2277}.Release|Any CPU.Build.0 = Release|Any CPU
		{D3FB52AD-33E5-4C2B-812C-3FFBD03E2277}.Release|ARM.ActiveCfg = Release|Any CPU
		{D3FB52AD-33E5-4C2B-812C-3FFBD03E2277}.Release|ARM.Build.0 = Release|Any CPU
		{D3FB52AD-33E5-4C2B-812C-3FFBD03E2277}.Release|iPhone.ActiveCfg = Release|Any CPU
		{D3FB52AD-33E5-4C2B-812C-3FFBD03E2277}.Release|iPhone.Build.0 = Release|Any CPU
		{D3FB52AD-33E5-4C2B-812C-3FFBD03E2277}.Release|iPhoneSimulator.ActiveCfg = Release|Any CPU
		{D3FB52AD-33E5-4C2B-812C-3FFBD03E2277}.Release|iPhoneSimulator.Build.0 = Release|Any CPU
		{D3FB52AD-33E5-4C2B-812C-3FFBD03E2277}.Release|x64.ActiveCfg = Release|Any CPU
		{D3FB52AD-33E5-4C2B-812C-3FFBD03E2277}.Release|x64.Build.0 = Release|Any CPU
		{D3FB52AD-33E5-4C2B-812C-3FFBD03E2277}.Release|x86.ActiveCfg = Release|Any CPU
		{D3FB52AD-33E5-4C2B-812C-3FFBD03E2277}.Release|x86.Build.0 = Release|Any CPU
		{B998727A-1826-4A93-B748-FFED6F8470A7}.Ad-Hoc|Any CPU.ActiveCfg = Release|x86
		{B998727A-1826-4A93-B748-FFED6F8470A7}.Ad-Hoc|Any CPU.Build.0 = Release|x86
		{B998727A-1826-4A93-B748-FFED6F8470A7}.Ad-Hoc|Any CPU.Deploy.0 = Release|x86
		{B998727A-1826-4A93-B748-FFED6F8470A7}.Ad-Hoc|ARM.ActiveCfg = Release|ARM
		{B998727A-1826-4A93-B748-FFED6F8470A7}.Ad-Hoc|ARM.Build.0 = Release|ARM
		{B998727A-1826-4A93-B748-FFED6F8470A7}.Ad-Hoc|ARM.Deploy.0 = Release|ARM
		{B998727A-1826-4A93-B748-FFED6F8470A7}.Ad-Hoc|iPhone.ActiveCfg = Release|x86
		{B998727A-1826-4A93-B748-FFED6F8470A7}.Ad-Hoc|iPhone.Build.0 = Release|x86
		{B998727A-1826-4A93-B748-FFED6F8470A7}.Ad-Hoc|iPhone.Deploy.0 = Release|x86
		{B998727A-1826-4A93-B748-FFED6F8470A7}.Ad-Hoc|iPhoneSimulator.ActiveCfg = Release|x86
		{B998727A-1826-4A93-B748-FFED6F8470A7}.Ad-Hoc|iPhoneSimulator.Build.0 = Release|x86
		{B998727A-1826-4A93-B748-FFED6F8470A7}.Ad-Hoc|iPhoneSimulator.Deploy.0 = Release|x86
		{B998727A-1826-4A93-B748-FFED6F8470A7}.Ad-Hoc|x64.ActiveCfg = Release|x64
		{B998727A-1826-4A93-B748-FFED6F8470A7}.Ad-Hoc|x64.Build.0 = Release|x64
		{B998727A-1826-4A93-B748-FFED6F8470A7}.Ad-Hoc|x64.Deploy.0 = Release|x64
		{B998727A-1826-4A93-B748-FFED6F8470A7}.Ad-Hoc|x86.ActiveCfg = Release|x86
		{B998727A-1826-4A93-B748-FFED6F8470A7}.Ad-Hoc|x86.Build.0 = Release|x86
		{B998727A-1826-4A93-B748-FFED6F8470A7}.Ad-Hoc|x86.Deploy.0 = Release|x86
		{B998727A-1826-4A93-B748-FFED6F8470A7}.AppStore|Any CPU.ActiveCfg = Release|x86
		{B998727A-1826-4A93-B748-FFED6F8470A7}.AppStore|Any CPU.Build.0 = Release|x86
		{B998727A-1826-4A93-B748-FFED6F8470A7}.AppStore|Any CPU.Deploy.0 = Release|x86
		{B998727A-1826-4A93-B748-FFED6F8470A7}.AppStore|ARM.ActiveCfg = Release|ARM
		{B998727A-1826-4A93-B748-FFED6F8470A7}.AppStore|ARM.Build.0 = Release|ARM
		{B998727A-1826-4A93-B748-FFED6F8470A7}.AppStore|ARM.Deploy.0 = Release|ARM
		{B998727A-1826-4A93-B748-FFED6F8470A7}.AppStore|iPhone.ActiveCfg = Release|x86
		{B998727A-1826-4A93-B748-FFED6F8470A7}.AppStore|iPhone.Build.0 = Release|x86
		{B998727A-1826-4A93-B748-FFED6F8470A7}.AppStore|iPhone.Deploy.0 = Release|x86
		{B998727A-1826-4A93-B748-FFED6F8470A7}.AppStore|iPhoneSimulator.ActiveCfg = Release|x86
		{B998727A-1826-4A93-B748-FFED6F8470A7}.AppStore|iPhoneSimulator.Build.0 = Release|x86
		{B998727A-1826-4A93-B748-FFED6F8470A7}.AppStore|iPhoneSimulator.Deploy.0 = Release|x86
		{B998727A-1826-4A93-B748-FFED6F8470A7}.AppStore|x64.ActiveCfg = Release|x64
		{B998727A-1826-4A93-B748-FFED6F8470A7}.AppStore|x64.Build.0 = Release|x64
		{B998727A-1826-4A93-B748-FFED6F8470A7}.AppStore|x64.Deploy.0 = Release|x64
		{B998727A-1826-4A93-B748-FFED6F8470A7}.AppStore|x86.ActiveCfg = Release|x86
		{B998727A-1826-4A93-B748-FFED6F8470A7}.AppStore|x86.Build.0 = Release|x86
		{B998727A-1826-4A93-B748-FFED6F8470A7}.AppStore|x86.Deploy.0 = Release|x86
		{B998727A-1826-4A93-B748-FFED6F8470A7}.Debug|Any CPU.ActiveCfg = Debug|x86
		{B998727A-1826-4A93-B748-FFED6F8470A7}.Debug|ARM.ActiveCfg = Debug|ARM
		{B998727A-1826-4A93-B748-FFED6F8470A7}.Debug|ARM.Build.0 = Debug|ARM
		{B998727A-1826-4A93-B748-FFED6F8470A7}.Debug|ARM.Deploy.0 = Debug|ARM
		{B998727A-1826-4A93-B748-FFED6F8470A7}.Debug|iPhone.ActiveCfg = Debug|x86
		{B998727A-1826-4A93-B748-FFED6F8470A7}.Debug|iPhoneSimulator.ActiveCfg = Debug|x86
		{B998727A-1826-4A93-B748-FFED6F8470A7}.Debug|x64.ActiveCfg = Debug|x64
		{B998727A-1826-4A93-B748-FFED6F8470A7}.Debug|x64.Build.0 = Debug|x64
		{B998727A-1826-4A93-B748-FFED6F8470A7}.Debug|x64.Deploy.0 = Debug|x64
		{B998727A-1826-4A93-B748-FFED6F8470A7}.Debug|x86.ActiveCfg = Debug|x86
		{B998727A-1826-4A93-B748-FFED6F8470A7}.Debug|x86.Build.0 = Debug|x86
		{B998727A-1826-4A93-B748-FFED6F8470A7}.Debug|x86.Deploy.0 = Debug|x86
		{B998727A-1826-4A93-B748-FFED6F8470A7}.Release|Any CPU.ActiveCfg = Release|x86
		{B998727A-1826-4A93-B748-FFED6F8470A7}.Release|ARM.ActiveCfg = Release|ARM
		{B998727A-1826-4A93-B748-FFED6F8470A7}.Release|ARM.Build.0 = Release|ARM
		{B998727A-1826-4A93-B748-FFED6F8470A7}.Release|ARM.Deploy.0 = Release|ARM
		{B998727A-1826-4A93-B748-FFED6F8470A7}.Release|iPhone.ActiveCfg = Release|x86
		{B998727A-1826-4A93-B748-FFED6F8470A7}.Release|iPhoneSimulator.ActiveCfg = Release|x86
		{B998727A-1826-4A93-B748-FFED6F8470A7}.Release|x64.ActiveCfg = Release|x64
		{B998727A-1826-4A93-B748-FFED6F8470A7}.Release|x64.Build.0 = Release|x64
		{B998727A-1826-4A93-B748-FFED6F8470A7}.Release|x64.Deploy.0 = Release|x64
		{B998727A-1826-4A93-B748-FFED6F8470A7}.Release|x86.ActiveCfg = Release|x86
		{B998727A-1826-4A93-B748-FFED6F8470A7}.Release|x86.Build.0 = Release|x86
		{B998727A-1826-4A93-B748-FFED6F8470A7}.Release|x86.Deploy.0 = Release|x86
		{1A10E2B9-F48A-4505-BC68-CC891EBBB357}.Ad-Hoc|Any CPU.ActiveCfg = Ad-Hoc|iPhone
		{1A10E2B9-F48A-4505-BC68-CC891EBBB357}.Ad-Hoc|ARM.ActiveCfg = Ad-Hoc|iPhone
		{1A10E2B9-F48A-4505-BC68-CC891EBBB357}.Ad-Hoc|iPhone.ActiveCfg = Ad-Hoc|iPhone
		{1A10E2B9-F48A-4505-BC68-CC891EBBB357}.Ad-Hoc|iPhone.Build.0 = Ad-Hoc|iPhone
		{1A10E2B9-F48A-4505-BC68-CC891EBBB357}.Ad-Hoc|iPhoneSimulator.ActiveCfg = Ad-Hoc|iPhoneSimulator
		{1A10E2B9-F48A-4505-BC68-CC891EBBB357}.Ad-Hoc|iPhoneSimulator.Build.0 = Ad-Hoc|iPhoneSimulator
		{1A10E2B9-F48A-4505-BC68-CC891EBBB357}.Ad-Hoc|x64.ActiveCfg = Ad-Hoc|iPhone
		{1A10E2B9-F48A-4505-BC68-CC891EBBB357}.Ad-Hoc|x86.ActiveCfg = Ad-Hoc|iPhone
		{1A10E2B9-F48A-4505-BC68-CC891EBBB357}.AppStore|Any CPU.ActiveCfg = AppStore|iPhone
		{1A10E2B9-F48A-4505-BC68-CC891EBBB357}.AppStore|ARM.ActiveCfg = AppStore|iPhone
		{1A10E2B9-F48A-4505-BC68-CC891EBBB357}.AppStore|iPhone.ActiveCfg = AppStore|iPhone
		{1A10E2B9-F48A-4505-BC68-CC891EBBB357}.AppStore|iPhone.Build.0 = AppStore|iPhone
		{1A10E2B9-F48A-4505-BC68-CC891EBBB357}.AppStore|iPhoneSimulator.ActiveCfg = AppStore|iPhoneSimulator
		{1A10E2B9-F48A-4505-BC68-CC891EBBB357}.AppStore|iPhoneSimulator.Build.0 = AppStore|iPhoneSimulator
		{1A10E2B9-F48A-4505-BC68-CC891EBBB357}.AppStore|x64.ActiveCfg = AppStore|iPhone
		{1A10E2B9-F48A-4505-BC68-CC891EBBB357}.AppStore|x86.ActiveCfg = AppStore|iPhone
		{1A10E2B9-F48A-4505-BC68-CC891EBBB357}.Debug|Any CPU.ActiveCfg = Debug|iPhone
		{1A10E2B9-F48A-4505-BC68-CC891EBBB357}.Debug|ARM.ActiveCfg = Debug|iPhone
		{1A10E2B9-F48A-4505-BC68-CC891EBBB357}.Debug|iPhone.ActiveCfg = Debug|iPhone
		{1A10E2B9-F48A-4505-BC68-CC891EBBB357}.Debug|iPhone.Build.0 = Debug|iPhone
		{1A10E2B9-F48A-4505-BC68-CC891EBBB357}.Debug|iPhoneSimulator.ActiveCfg = Debug|iPhoneSimulator
		{1A10E2B9-F48A-4505-BC68-CC891EBBB357}.Debug|iPhoneSimulator.Build.0 = Debug|iPhoneSimulator
		{1A10E2B9-F48A-4505-BC68-CC891EBBB357}.Debug|x64.ActiveCfg = Debug|iPhone
		{1A10E2B9-F48A-4505-BC68-CC891EBBB357}.Debug|x86.ActiveCfg = Debug|iPhone
		{1A10E2B9-F48A-4505-BC68-CC891EBBB357}.Release|Any CPU.ActiveCfg = Release|iPhone
		{1A10E2B9-F48A-4505-BC68-CC891EBBB357}.Release|ARM.ActiveCfg = Release|iPhone
		{1A10E2B9-F48A-4505-BC68-CC891EBBB357}.Release|iPhone.ActiveCfg = Release|iPhone
		{1A10E2B9-F48A-4505-BC68-CC891EBBB357}.Release|iPhone.Build.0 = Release|iPhone
		{1A10E2B9-F48A-4505-BC68-CC891EBBB357}.Release|iPhoneSimulator.ActiveCfg = Release|iPhoneSimulator
		{1A10E2B9-F48A-4505-BC68-CC891EBBB357}.Release|iPhoneSimulator.Build.0 = Release|iPhoneSimulator
		{1A10E2B9-F48A-4505-BC68-CC891EBBB357}.Release|x64.ActiveCfg = Release|iPhone
		{1A10E2B9-F48A-4505-BC68-CC891EBBB357}.Release|x86.ActiveCfg = Release|iPhone
	EndGlobalSection
	GlobalSection(SolutionProperties) = preSolution
		HideSolutionNode = FALSE
	EndGlobalSection
EndGlobal
